{
    "_readme": [
        "This file locks the dependencies of your project to a known state",
        "Read more about it at https://getcomposer.org/doc/01-basic-usage.md#installing-dependencies",
        "This file is @generated automatically"
    ],
    "content-hash": "e00191c0a24cad15e64805efa8989893",
    "packages": [
        {
            "name": "container-interop/container-interop",
            "version": "1.2.0",
            "source": {
                "type": "git",
                "url": "https://github.com/container-interop/container-interop.git",
                "reference": "79cbf1341c22ec75643d841642dd5d6acd83bdb8"
            },
            "dist": {
                "type": "zip",
                "url": "https://api.github.com/repos/container-interop/container-interop/zipball/79cbf1341c22ec75643d841642dd5d6acd83bdb8",
                "reference": "79cbf1341c22ec75643d841642dd5d6acd83bdb8",
                "shasum": ""
            },
            "require": {
                "psr/container": "^1.0"
            },
            "type": "library",
            "autoload": {
                "psr-4": {
                    "Interop\\Container\\": "src/Interop/Container/"
                }
            },
            "notification-url": "https://packagist.org/downloads/",
            "license": [
                "MIT"
            ],
            "description": "Promoting the interoperability of container objects (DIC, SL, etc.)",
            "homepage": "https://github.com/container-interop/container-interop",
            "support": {
                "issues": "https://github.com/container-interop/container-interop/issues",
                "source": "https://github.com/container-interop/container-interop/tree/master"
            },
            "abandoned": "psr/container",
            "time": "2017-02-14T19:40:03+00:00"
        },
        {
            "name": "mouf/classname-mapper",
            "version": "v1.0.2",
            "source": {
                "type": "git",
                "url": "https://github.com/thecodingmachine/classname-mapper.git",
                "reference": "fa32a0ef5a45292d2240a405aed8a1aa5f04d642"
            },
            "dist": {
                "type": "zip",
                "url": "https://api.github.com/repos/thecodingmachine/classname-mapper/zipball/fa32a0ef5a45292d2240a405aed8a1aa5f04d642",
                "reference": "fa32a0ef5a45292d2240a405aed8a1aa5f04d642",
                "shasum": ""
            },
            "require": {
                "php": ">=5.4.0"
            },
            "require-dev": {
                "phpunit/phpunit": "~4.0 | ~5.0",
                "satooshi/php-coveralls": "~1.0"
            },
            "type": "library",
            "autoload": {
                "psr-4": {
                    "Mouf\\Composer\\": "src/"
                }
            },
            "notification-url": "https://packagist.org/downloads/",
            "license": [
                "MIT"
            ],
            "authors": [
                {
                    "name": "David Négrier",
                    "email": "d.negrier@thecodingmachine.com",
                    "homepage": "http://mouf-php.com"
                }
            ],
            "description": "Provides a way to find in which PHP files a class will be looked upon.",
            "homepage": "http://mouf-php.com/packages/thecodingmachine/classname-mapper",
            "keywords": [
                "autoload",
                "composer"
            ],
            "support": {
                "issues": "https://github.com/thecodingmachine/classname-mapper/issues",
                "source": "https://github.com/thecodingmachine/classname-mapper/tree/1.0"
            },
            "time": "2019-01-17T16:26:30+00:00"
        },
        {
            "name": "mouf/mouf-installer",
            "version": "v2.0.0",
            "source": {
                "type": "git",
                "url": "https://github.com/thecodingmachine/mouf-installer.git",
                "reference": "75cd4295a831b32aabea0b2bb6f4925da6b6e198"
            },
            "dist": {
                "type": "zip",
                "url": "https://api.github.com/repos/thecodingmachine/mouf-installer/zipball/75cd4295a831b32aabea0b2bb6f4925da6b6e198",
                "reference": "75cd4295a831b32aabea0b2bb6f4925da6b6e198",
                "shasum": ""
            },
            "require": {
                "php": ">=5.3.0"
            },
            "type": "composer-installer",
            "extra": {
                "class": [
                    "Mouf\\Installer\\MoufLibraryInstaller",
                    "Mouf\\Installer\\MoufFrameworkInstaller"
                ]
            },
            "autoload": {
                "psr-0": {
                    "Mouf\\Installer": "src/"
                }
            },
            "notification-url": "https://packagist.org/downloads/",
            "license": [
                "MIT"
            ],
            "authors": [
                {
                    "name": "David Négrier",
                    "email": "d.negrier@thecodingmachine.com",
                    "homepage": "http://mouf-php.com"
                }
            ],
            "description": "The Mouf-installer package is a composer in charge of installing any package with the 'mouf-library' type.",
            "homepage": "http://mouf-php.com",
            "keywords": [
                "install",
                "mouf"
            ],
            "support": {
                "issues": "https://github.com/thecodingmachine/mouf-installer/issues",
                "source": "https://github.com/thecodingmachine/mouf-installer/tree/2.0"
            },
            "time": "2014-06-03T20:47:09+00:00"
        },
        {
            "name": "mouf/mouf-validators-interface",
            "version": "v2.0.0",
            "source": {
                "type": "git",
                "url": "https://github.com/thecodingmachine/mouf-validators-interface.git",
                "reference": "7678d5c0d4e7113aa4f5345e6896933ff8b5e7ce"
            },
            "dist": {
                "type": "zip",
                "url": "https://api.github.com/repos/thecodingmachine/mouf-validators-interface/zipball/7678d5c0d4e7113aa4f5345e6896933ff8b5e7ce",
                "reference": "7678d5c0d4e7113aa4f5345e6896933ff8b5e7ce",
                "shasum": ""
            },
            "require": {
                "php": ">=5.3.0"
            },
            "type": "library",
            "autoload": {
                "psr-0": {
                    "Mouf\\Validator": "src/"
                }
            },
            "notification-url": "https://packagist.org/downloads/",
            "license": [
                "MIT"
            ],
            "authors": [
                {
                    "name": "David Négrier",
                    "email": "d.negrier@thecodingmachine.com",
                    "homepage": "http://mouf-php.com"
                }
            ],
            "description": "The mouf-validators-interface package contains interfaces your classes can implement to provide self-validation in the Mouf interface.",
            "homepage": "http://mouf-php.com",
            "keywords": [
                "mouf",
                "validators"
            ],
            "support": {
                "issues": "https://github.com/thecodingmachine/mouf-validators-interface/issues",
                "source": "https://github.com/thecodingmachine/mouf-validators-interface/tree/2.0"
            },
            "time": "2013-10-29T18:21:58+00:00"
        },
        {
            "name": "psr/container",
            "version": "1.1.2",
            "source": {
                "type": "git",
                "url": "https://github.com/php-fig/container.git",
                "reference": "513e0666f7216c7459170d56df27dfcefe1689ea"
            },
            "dist": {
                "type": "zip",
                "url": "https://api.github.com/repos/php-fig/container/zipball/513e0666f7216c7459170d56df27dfcefe1689ea",
                "reference": "513e0666f7216c7459170d56df27dfcefe1689ea",
                "shasum": ""
            },
            "require": {
                "php": ">=7.4.0"
            },
            "type": "library",
            "autoload": {
                "psr-4": {
                    "Psr\\Container\\": "src/"
                }
            },
            "notification-url": "https://packagist.org/downloads/",
            "license": [
                "MIT"
            ],
            "authors": [
                {
                    "name": "PHP-FIG",
                    "homepage": "https://www.php-fig.org/"
                }
            ],
            "description": "Common Container Interface (PHP FIG PSR-11)",
            "homepage": "https://github.com/php-fig/container",
            "keywords": [
                "PSR-11",
                "container",
                "container-interface",
                "container-interop",
                "psr"
            ],
            "support": {
                "issues": "https://github.com/php-fig/container/issues",
                "source": "https://github.com/php-fig/container/tree/1.1.2"
            },
            "time": "2021-11-05T16:50:12+00:00"
        }
    ],
    "packages-dev": [],
    "aliases": [],
    "minimum-stability": "stable",
    "stability-flags": [],
    "prefer-stable": false,
    "prefer-lowest": false,
    "platform": {
        "php": "^8.0"
    },
    "platform-dev": [],
    "plugin-api-version": "2.3.0"
}
