{
    "hash": "cdf5418d4cbdfddc6b1be7a0d7274896",
    "packages": [
        {
            "package": "mouf/famfamfam",
            "version": "1.3.x-dev",
            "source-reference": "2ad90cbeba9b42d81fc15df173c150daa736879e",
            "commit-date": "1348064555"
        },
        {
            "package": "mouf/html.htmlelement",
            "version": "2.0.x-dev",
            "source-reference": "c900ef7a7f1fa3c687c23e813b03d2251b8a524b",
            "commit-date": "1345570368"
        },
        {
            "package": "mouf/html.template.menus.basicmenu",
            "version": "2.0.x-dev",
            "source-reference": "77d72df446ad2b5bade53c3f23e028ee05879b54",
            "commit-date": "1347118206"
        },
        {
            "package": "mouf/html.template.menus.topribbonmenu",
            "version": "2.0.x-dev",
            "source-reference": "4b50e4880537ca5e9892ed0b603f744e24655060",
            "commit-date": "1347118445"
        },
        {
            "package": "mouf/html.template.mouftemplate",
            "version": "2.0.x-dev",
            "source-reference": "3c168bf4aed354e0c439948aed87febc3f870fb9",
            "commit-date": "1347312298"
        },
        {
            "package": "mouf/html.template.templateinterface",
            "version": "2.0.x-dev",
            "source-reference": "67e3c1a7cfd8bfd22e3528e3e858c543aa4ff4ca",
            "commit-date": "1346345609"
        },
        {
            "package": "mouf/html.utils.weblibrarymanager",
            "version": "2.0.x-dev",
            "source-reference": "51b48766dcc071c3a6feef9352d3b51469056f2b",
            "commit-date": "1346781668"
        },
        {
            "package": "mouf/html.widgets.menu",
            "version": "2.0.x-dev",
            "source-reference": "446896bcedebf54e65f64427d9bb65f28cc87a1a",
            "commit-date": "1346599346"
        },
        {
            "package": "mouf/javascript.jquery.jquery",
            "version": "1.7.2.x-dev",
            "source-reference": "4048de269fd5dfb6d87cbffdd7c329794725e4e3",
            "commit-date": "1346762115"
        },
        {
            "package": "mouf/javascript.jquery.jquery-filetree",
            "version": "1.01.x-dev",
            "source-reference": "ac01a8a9b32411f6f391d43ea97e819920034817",
            "commit-date": "1346781929"
        },
        {
            "package": "mouf/javascript.jquery.jquery-ui",
            "version": "1.8.22.x-dev",
            "source-reference": "3872e0e11ada9235483805fb9efa88007499146a",
            "commit-date": "1346762119"
        },
        {
            "package": "mouf/javascript.syntaxhighlighter",
            "version": "3.0.83.x-dev",
            "source-reference": "ccac80f3841a300b67e66c8da0cf351ce39849a5",
            "commit-date": "1347115603"
        },
        {
            "package": "mouf/javascript.underscore",
            "version": "1.3.3.x-dev",
            "source-reference": "88f83fcef8552022124f5cd0e70380811c85a5a6",
            "commit-date": "1346601577"
        },
        {
            "package": "mouf/mvc.splash",
            "version": "4.0.x-dev",
            "source-reference": "c83340a22ba2bc3c8c820c6d2f14a87c82266a05",
            "commit-date": "1347820080"
        },
        {
            "package": "mouf/mvc.splash-common",
            "version": "4.0.x-dev",
            "source-reference": "aaeff6f02a3f4e5c064a0c3c854e873e1f63fdbc",
            "commit-date": "1347820297"
        },
        {
            "package": "mouf/security.simplelogincontroller",
            "version": "2.0.x-dev",
            "source-reference": "15744c1001f0070a76a986c8d4b373a6216f5ebb",
            "commit-date": "1347182900"
        },
        {
            "package": "mouf/security.userfiledao",
            "version": "2.0.x-dev",
            "source-reference": "7feb530dff4cae855641aaf7db4dd67933e983b9",
            "commit-date": "1347182899"
        },
        {
            "package": "mouf/security.userservice",
            "version": "2.0.x-dev",
            "source-reference": "9f15938018b5148dba55acedffe2862b40bd6e3a",
            "commit-date": "1347182904"
        },
        {
            "package": "mouf/utils.cache.cache-interface",
            "version": "2.0.x-dev",
            "source-reference": "05ddedf6998b40c764eba1f9e75c739e823c2fa3",
            "commit-date": "1347296689"
        },
        {
            "package": "mouf/utils.cache.file-cache",
            "version": "2.0.x-dev",
            "source-reference": "c6b44ebf9b7aefeb229fe83d01bd442982e14ed3",
            "commit-date": "1347296994"
        },
        {
            "package": "mouf/utils.common.conditioninterface",
            "version": "2.0.x-dev",
            "source-reference": "1a381ed8bd3bc26e0f1a29a9478848ecb99c3255",
            "commit-date": "1345745387"
        },
        {
            "package": "mouf/utils.common.getvars",
            "version": "2.0.x-dev",
            "source-reference": "4c5d644de5ecec8389f817b3511de7f350421ca2",
            "commit-date": "1347820840"
        },
        {
            "package": "mouf/utils.i18n.fine",
            "version": "3.0.x-dev",
            "source-reference": "c7eebfced500a3c06140001d9b9e8f8d478099df",
            "commit-date": "1346406534"
        },
        {
            "package": "mouf/utils.log.errorlog_logger",
            "version": "2.0.x-dev",
            "source-reference": "258f20a3cbcd56abfb30ade29148d2d0ee4090fa",
            "commit-date": "1346597740"
        },
        {
            "package": "mouf/utils.log.log_interface",
            "version": "2.0.x-dev",
            "source-reference": "593727a9c81228e589e164eb7ee6b2c84715ed15",
            "commit-date": "1346597766"
        },
        {
            "package": "phpexcel/phpexcel",
            "version": "v1.7.7"
        }
    ],
    "packages-dev": null,
    "aliases": [

    ],
    "minimum-stability": "dev",
    "stability-flags": {
        "mouf/html.template.mouftemplate": 20,
        "mouf/utils.i18n.fine": 20,
        "mouf/mvc.splash": 20,
        "mouf/javascript.jquery.jquery-ui": 20,
        "mouf/javascript.underscore": 20,
        "mouf/javascript.jquery.jquery-filetree": 20,
        "mouf/javascript.syntaxhighlighter": 20,
        "mouf/html.widgets.menu": 20,
        "mouf/html.template.menus.topribbonmenu": 20
    }
}
